
Microsoft Visual Studio Solution File, Format Version 12.00
# Visual Studio Version 17
VisualStudioVersion = 17.0.31903.59
MinimumVisualStudioVersion = 10.0.40219.1
Project("{FAE04EC0-301F-11D3-BF4B-00C04F79EFBC}") = "UI", "UI\UI.csproj", "{C2F8866D-B567-49AC-A985-DD1A7F3320E7}"
EndProject
Project("{FAE04EC0-301F-11D3-BF4B-00C04F79EFBC}") = "Advice API Library", "Advice API Library\Advice API Library.csproj", "{5FE11EE5-7577-427A-A521-8028644C5F47}"
EndProject
Global
	GlobalSection(SolutionConfigurationPlatforms) = preSolution
		Debug|Any CPU = Debug|Any CPU
		Release|Any CPU = Release|Any CPU
	EndGlobalSection
	GlobalSection(ProjectConfigurationPlatforms) = postSolution
		{C2F8866D-B567-49AC-A985-DD1A7F3320E7}.Debug|Any CPU.ActiveCfg = Debug|Any CPU
		{C2F8866D-B567-49AC-A985-DD1A7F3320E7}.Debug|Any CPU.Build.0 = Debug|Any CPU
		{C2F8866D-B567-49AC-A985-DD1A7F3320E7}.Release|Any CPU.ActiveCfg = Release|Any CPU
		{C2F8866D-B567-49AC-A985-DD1A7F3320E7}.Release|Any CPU.Build.0 = Release|Any CPU
		{5FE11EE5-7577-427A-A521-8028644C5F47}.Debug|Any CPU.ActiveCfg = Debug|Any CPU
		{5FE11EE5-7577-427A-A521-8028644C5F47}.Debug|Any CPU.Build.0 = Debug|Any CPU
		{5FE11EE5-7577-427A-A521-8028644C5F47}.Release|Any CPU.ActiveCfg = Release|Any CPU
		{5FE11EE5-7577-427A-A521-8028644C5F47}.Release|Any CPU.Build.0 = Release|Any CPU
	EndGlobalSection
	GlobalSection(SolutionProperties) = preSolution
		HideSolutionNode = FALSE
	EndGlobalSection
	GlobalSection(ExtensibilityGlobals) = postSolution
		SolutionGuid = {E9A3198C-8190-4BF1-8D59-5A56B018969F}
	EndGlobalSection
EndGlobal
